
Microsoft Visual Studio Solution File, Format Version 12.00
# Visual Studio Version 16
VisualStudioVersion = 16.0.30114.105
MinimumVisualStudioVersion = 10.0.40219.1
Project("{9A19103F-16F7-4668-BE54-9A1E7A4F7556}") = "MapPlugin", "MapPlugin\MapPlugin.csproj", "{F65AACE5-2C10-4BAB-ABF8-2EFD3DEB3594}"
EndProject
Project("{9A19103F-16F7-4668-BE54-9A1E7A4F7556}") = "Pretzel.Logic", "..\_pretzel\src\Pretzel.Logic\Pretzel.Logic.csproj", "{18B26474-68F2-4E89-8C2F-A0ED6BFCA210}"
EndProject
Project("{9A19103F-16F7-4668-BE54-9A1E7A4F7556}") = "Pretzel.SethExtensions", "..\_pretzel\src\Pretzel.SethExtensions\Pretzel.SethExtensions.csproj", "{00CC115A-C9C9-4722-B711-8DF4F75F9135}"
EndProject
Global
	GlobalSection(SolutionConfigurationPlatforms) = preSolution
		Debug|Any CPU = Debug|Any CPU
		Release|Any CPU = Release|Any CPU
	EndGlobalSection
	GlobalSection(ProjectConfigurationPlatforms) = postSolution
		{F65AACE5-2C10-4BAB-ABF8-2EFD3DEB3594}.Debug|Any CPU.ActiveCfg = Debug|Any CPU
		{F65AACE5-2C10-4BAB-ABF8-2EFD3DEB3594}.Debug|Any CPU.Build.0 = Debug|Any CPU
		{F65AACE5-2C10-4BAB-ABF8-2EFD3DEB3594}.Release|Any CPU.ActiveCfg = Release|Any CPU
		{F65AACE5-2C10-4BAB-ABF8-2EFD3DEB3594}.Release|Any CPU.Build.0 = Release|Any CPU
		{18B26474-68F2-4E89-8C2F-A0ED6BFCA210}.Debug|Any CPU.ActiveCfg = Debug|Any CPU
		{18B26474-68F2-4E89-8C2F-A0ED6BFCA210}.Debug|Any CPU.Build.0 = Debug|Any CPU
		{18B26474-68F2-4E89-8C2F-A0ED6BFCA210}.Release|Any CPU.ActiveCfg = Release|Any CPU
		{18B26474-68F2-4E89-8C2F-A0ED6BFCA210}.Release|Any CPU.Build.0 = Release|Any CPU
		{00CC115A-C9C9-4722-B711-8DF4F75F9135}.Debug|Any CPU.ActiveCfg = Debug|Any CPU
		{00CC115A-C9C9-4722-B711-8DF4F75F9135}.Debug|Any CPU.Build.0 = Debug|Any CPU
		{00CC115A-C9C9-4722-B711-8DF4F75F9135}.Release|Any CPU.ActiveCfg = Release|Any CPU
		{00CC115A-C9C9-4722-B711-8DF4F75F9135}.Release|Any CPU.Build.0 = Release|Any CPU
	EndGlobalSection
	GlobalSection(SolutionProperties) = preSolution
		HideSolutionNode = FALSE
	EndGlobalSection
	GlobalSection(ExtensibilityGlobals) = postSolution
		SolutionGuid = {A8BE4BF2-220F-4C3E-A965-87F4D1F268A6}
	EndGlobalSection
EndGlobal
